// !$*UTF8*$!
{
	archiveVersion = 1;
	classes = {
	};
	objectVersion = 56;
	objects = {

/* Begin PBXBuildFile section */
		02C394DC2BA402060075F1CA /* ViewRendererDelegate.swift in Sources */ = {isa = PBXBuildFile; fileRef = 02C394DB2BA402060075F1CA /* ViewRendererDelegate.swift */; };
		02C394DE2BA4053E0075F1CA /* CanvasRenderer.swift in Sources */ = {isa = PBXBuildFile; fileRef = 02C394DD2BA4053E0075F1CA /* CanvasRenderer.swift */; };
		02C394E02BA405C10075F1CA /* RenderableGameState.swift in Sources */ = {isa = PBXBuildFile; fileRef = 02C394DF2BA405C10075F1CA /* RenderableGameState.swift */; };
		02C394E32BA407420075F1CA /* Ark.swift in Sources */ = {isa = PBXBuildFile; fileRef = 02C394E22BA407420075F1CA /* Ark.swift */; };
		02E0E8E02B9F57430043E2BA /* ArkUi.swift in Sources */ = {isa = PBXBuildFile; fileRef = 02E0E8DF2B9F57430043E2BA /* ArkUi.swift */; };
		02E0E8E62BA219DA0043E2BA /* ButtonCommandDelegate.swift in Sources */ = {isa = PBXBuildFile; fileRef = 02E0E8E52BA219DA0043E2BA /* ButtonCommandDelegate.swift */; };
		02E0E8EE2BA280BD0043E2BA /* AbstractShapeUi.swift in Sources */ = {isa = PBXBuildFile; fileRef = 02E0E8ED2BA280BD0043E2BA /* AbstractShapeUi.swift */; };
		02E0E8F02BA280DB0043E2BA /* UiRenderable.swift in Sources */ = {isa = PBXBuildFile; fileRef = 02E0E8EF2BA280DB0043E2BA /* UiRenderable.swift */; };
		02E0E8F22BA282C20043E2BA /* CircleUi.swift in Sources */ = {isa = PBXBuildFile; fileRef = 02E0E8F12BA282C20043E2BA /* CircleUi.swift */; };
		02E0E8F42BA283180043E2BA /* RectUi.swift in Sources */ = {isa = PBXBuildFile; fileRef = 02E0E8F32BA283180043E2BA /* RectUi.swift */; };
		02E0E8F62BA283940043E2BA /* PolygonUi.swift in Sources */ = {isa = PBXBuildFile; fileRef = 02E0E8F52BA283940043E2BA /* PolygonUi.swift */; };
		02E0E8F82BA284540043E2BA /* AbstractBitmapUi.swift in Sources */ = {isa = PBXBuildFile; fileRef = 02E0E8F72BA284540043E2BA /* AbstractBitmapUi.swift */; };
		02E0E8FA2BA292870043E2BA /* JoyStickCommandDelegate.swift in Sources */ = {isa = PBXBuildFile; fileRef = 02E0E8F92BA292870043E2BA /* JoyStickCommandDelegate.swift */; };
		02E0E8FC2BA292990043E2BA /* LayoutCommandDelegate.swift in Sources */ = {isa = PBXBuildFile; fileRef = 02E0E8FB2BA292990043E2BA /* LayoutCommandDelegate.swift */; };
		02E0E8FE2BA293560043E2BA /* UiHandlerable.swift in Sources */ = {isa = PBXBuildFile; fileRef = 02E0E8FD2BA293560043E2BA /* UiHandlerable.swift */; };
		02E0E9002BA2936F0043E2BA /* AbstractViewCommandDelegate.swift in Sources */ = {isa = PBXBuildFile; fileRef = 02E0E8FF2BA2936F0043E2BA /* AbstractViewCommandDelegate.swift */; };
		AD6E03612B9F15FA00974EBF /* ArkECS.swift in Sources */ = {isa = PBXBuildFile; fileRef = AD6E03602B9F15FA00974EBF /* ArkECS.swift */; };
		AD6E03652BA1949000974EBF /* ArkEvent.swift in Sources */ = {isa = PBXBuildFile; fileRef = AD6E03642BA1949000974EBF /* ArkEvent.swift */; };
		AD6E03682BA1A61200974EBF /* ArkEventManager.swift in Sources */ = {isa = PBXBuildFile; fileRef = AD6E03672BA1A61200974EBF /* ArkEventManager.swift */; };
		AD6E036B2BA1A71800974EBF /* ArkEventData.swift in Sources */ = {isa = PBXBuildFile; fileRef = AD6E036A2BA1A71800974EBF /* ArkEventData.swift */; };
		AD6E036D2BA1AB2D00974EBF /* DemoArkEvent.swift in Sources */ = {isa = PBXBuildFile; fileRef = AD6E036C2BA1AB2D00974EBF /* DemoArkEvent.swift */; };
		AD6E036F2BA21A5B00974EBF /* Queue.swift in Sources */ = {isa = PBXBuildFile; fileRef = AD6E036E2BA21A5B00974EBF /* Queue.swift */; };
		AD6E03722BA2DB2700974EBF /* Heap.swift in Sources */ = {isa = PBXBuildFile; fileRef = AD6E03712BA2DB2700974EBF /* Heap.swift */; };
		AD6E03742BA2DB4100974EBF /* PriorityQueue.swift in Sources */ = {isa = PBXBuildFile; fileRef = AD6E03732BA2DB4100974EBF /* PriorityQueue.swift */; };
		AD6E03762BA2F24800974EBF /* ArkStateEventListener.swift in Sources */ = {isa = PBXBuildFile; fileRef = AD6E03752BA2F24800974EBF /* ArkStateEventListener.swift */; };
		AD787A512B9C636F003EBBD0 /* AppDelegate.swift in Sources */ = {isa = PBXBuildFile; fileRef = AD787A502B9C636F003EBBD0 /* AppDelegate.swift */; };
		AD787A532B9C636F003EBBD0 /* SceneDelegate.swift in Sources */ = {isa = PBXBuildFile; fileRef = AD787A522B9C636F003EBBD0 /* SceneDelegate.swift */; };
		AD787A552B9C636F003EBBD0 /* ViewController.swift in Sources */ = {isa = PBXBuildFile; fileRef = AD787A542B9C636F003EBBD0 /* ViewController.swift */; };
		AD787A582B9C636F003EBBD0 /* Main.storyboard in Resources */ = {isa = PBXBuildFile; fileRef = AD787A562B9C636F003EBBD0 /* Main.storyboard */; };
		AD787A5A2B9C6373003EBBD0 /* Assets.xcassets in Resources */ = {isa = PBXBuildFile; fileRef = AD787A592B9C6373003EBBD0 /* Assets.xcassets */; };
		AD787A5D2B9C6373003EBBD0 /* LaunchScreen.storyboard in Resources */ = {isa = PBXBuildFile; fileRef = AD787A5B2B9C6373003EBBD0 /* LaunchScreen.storyboard */; };
		AD787A682B9C6373003EBBD0 /* ArkKitTests.swift in Sources */ = {isa = PBXBuildFile; fileRef = AD787A672B9C6373003EBBD0 /* ArkKitTests.swift */; };
		AD787A822B9C6BD9003EBBD0 /* Entity.swift in Sources */ = {isa = PBXBuildFile; fileRef = AD787A812B9C6BD9003EBBD0 /* Entity.swift */; };
		AD787A842B9C6C78003EBBD0 /* Component.swift in Sources */ = {isa = PBXBuildFile; fileRef = AD787A832B9C6C78003EBBD0 /* Component.swift */; };
		AD787A862B9C6C91003EBBD0 /* System.swift in Sources */ = {isa = PBXBuildFile; fileRef = AD787A852B9C6C91003EBBD0 /* System.swift */; };
		AD787A882B9C6D3A003EBBD0 /* EntityManager.swift in Sources */ = {isa = PBXBuildFile; fileRef = AD787A872B9C6D3A003EBBD0 /* EntityManager.swift */; };
		AD787A8A2B9C70D8003EBBD0 /* ArkState.swift in Sources */ = {isa = PBXBuildFile; fileRef = AD787A892B9C70D8003EBBD0 /* ArkState.swift */; };
		AD787A8C2B9C70FC003EBBD0 /* SystemManager.swift in Sources */ = {isa = PBXBuildFile; fileRef = AD787A8B2B9C70FC003EBBD0 /* SystemManager.swift */; };
/* End PBXBuildFile section */

/* Begin PBXContainerItemProxy section */
		AD787A642B9C6373003EBBD0 /* PBXContainerItemProxy */ = {
			isa = PBXContainerItemProxy;
			containerPortal = AD787A452B9C636F003EBBD0 /* Project object */;
			proxyType = 1;
			remoteGlobalIDString = AD787A4C2B9C636F003EBBD0;
			remoteInfo = LevelKit;
		};
		AD787A6E2B9C6373003EBBD0 /* PBXContainerItemProxy */ = {
			isa = PBXContainerItemProxy;
			containerPortal = AD787A452B9C636F003EBBD0 /* Project object */;
			proxyType = 1;
			remoteGlobalIDString = AD787A4C2B9C636F003EBBD0;
			remoteInfo = LevelKit;
		};
/* End PBXContainerItemProxy section */

/* Begin PBXFileReference section */
		02C394DB2BA402060075F1CA /* ViewRendererDelegate.swift */ = {isa = PBXFileReference; lastKnownFileType = sourcecode.swift; path = ViewRendererDelegate.swift; sourceTree = "<group>"; };
		02C394DD2BA4053E0075F1CA /* CanvasRenderer.swift */ = {isa = PBXFileReference; lastKnownFileType = sourcecode.swift; path = CanvasRenderer.swift; sourceTree = "<group>"; };
		02C394DF2BA405C10075F1CA /* RenderableGameState.swift */ = {isa = PBXFileReference; lastKnownFileType = sourcecode.swift; path = RenderableGameState.swift; sourceTree = "<group>"; };
		02C394E22BA407420075F1CA /* Ark.swift */ = {isa = PBXFileReference; lastKnownFileType = sourcecode.swift; path = Ark.swift; sourceTree = "<group>"; };
		02E0E8DF2B9F57430043E2BA /* ArkUi.swift */ = {isa = PBXFileReference; lastKnownFileType = sourcecode.swift; path = ArkUi.swift; sourceTree = "<group>"; };
		02E0E8E52BA219DA0043E2BA /* ButtonCommandDelegate.swift */ = {isa = PBXFileReference; lastKnownFileType = sourcecode.swift; path = ButtonCommandDelegate.swift; sourceTree = "<group>"; };
		02E0E8ED2BA280BD0043E2BA /* AbstractShapeUi.swift */ = {isa = PBXFileReference; lastKnownFileType = sourcecode.swift; path = AbstractShapeUi.swift; sourceTree = "<group>"; };
		02E0E8EF2BA280DB0043E2BA /* UiRenderable.swift */ = {isa = PBXFileReference; lastKnownFileType = sourcecode.swift; path = UiRenderable.swift; sourceTree = "<group>"; };
		02E0E8F12BA282C20043E2BA /* CircleUi.swift */ = {isa = PBXFileReference; lastKnownFileType = sourcecode.swift; path = CircleUi.swift; sourceTree = "<group>"; };
		02E0E8F32BA283180043E2BA /* RectUi.swift */ = {isa = PBXFileReference; lastKnownFileType = sourcecode.swift; path = RectUi.swift; sourceTree = "<group>"; };
		02E0E8F52BA283940043E2BA /* PolygonUi.swift */ = {isa = PBXFileReference; lastKnownFileType = sourcecode.swift; path = PolygonUi.swift; sourceTree = "<group>"; };
		02E0E8F72BA284540043E2BA /* AbstractBitmapUi.swift */ = {isa = PBXFileReference; lastKnownFileType = sourcecode.swift; path = AbstractBitmapUi.swift; sourceTree = "<group>"; };
		02E0E8F92BA292870043E2BA /* JoyStickCommandDelegate.swift */ = {isa = PBXFileReference; lastKnownFileType = sourcecode.swift; path = JoyStickCommandDelegate.swift; sourceTree = "<group>"; };
		02E0E8FB2BA292990043E2BA /* LayoutCommandDelegate.swift */ = {isa = PBXFileReference; lastKnownFileType = sourcecode.swift; path = LayoutCommandDelegate.swift; sourceTree = "<group>"; };
		02E0E8FD2BA293560043E2BA /* UiHandlerable.swift */ = {isa = PBXFileReference; lastKnownFileType = sourcecode.swift; path = UiHandlerable.swift; sourceTree = "<group>"; };
		02E0E8FF2BA2936F0043E2BA /* AbstractViewCommandDelegate.swift */ = {isa = PBXFileReference; lastKnownFileType = sourcecode.swift; path = AbstractViewCommandDelegate.swift; sourceTree = "<group>"; };
		AD6E03602B9F15FA00974EBF /* ArkECS.swift */ = {isa = PBXFileReference; lastKnownFileType = sourcecode.swift; path = ArkECS.swift; sourceTree = "<group>"; };
		AD6E03642BA1949000974EBF /* ArkEvent.swift */ = {isa = PBXFileReference; lastKnownFileType = sourcecode.swift; path = ArkEvent.swift; sourceTree = "<group>"; };
		AD6E03672BA1A61200974EBF /* ArkEventManager.swift */ = {isa = PBXFileReference; lastKnownFileType = sourcecode.swift; path = ArkEventManager.swift; sourceTree = "<group>"; };
		AD6E036A2BA1A71800974EBF /* ArkEventData.swift */ = {isa = PBXFileReference; lastKnownFileType = sourcecode.swift; path = ArkEventData.swift; sourceTree = "<group>"; };
		AD6E036C2BA1AB2D00974EBF /* DemoArkEvent.swift */ = {isa = PBXFileReference; lastKnownFileType = sourcecode.swift; path = DemoArkEvent.swift; sourceTree = "<group>"; };
		AD6E036E2BA21A5B00974EBF /* Queue.swift */ = {isa = PBXFileReference; lastKnownFileType = sourcecode.swift; path = Queue.swift; sourceTree = "<group>"; };
		AD6E03712BA2DB2700974EBF /* Heap.swift */ = {isa = PBXFileReference; lastKnownFileType = sourcecode.swift; path = Heap.swift; sourceTree = "<group>"; };
		AD6E03732BA2DB4100974EBF /* PriorityQueue.swift */ = {isa = PBXFileReference; lastKnownFileType = sourcecode.swift; path = PriorityQueue.swift; sourceTree = "<group>"; };
		AD6E03752BA2F24800974EBF /* ArkStateEventListener.swift */ = {isa = PBXFileReference; lastKnownFileType = sourcecode.swift; path = ArkStateEventListener.swift; sourceTree = "<group>"; };
		AD787A4D2B9C636F003EBBD0 /* ArkKit.app */ = {isa = PBXFileReference; explicitFileType = wrapper.application; includeInIndex = 0; path = ArkKit.app; sourceTree = BUILT_PRODUCTS_DIR; };
		AD787A502B9C636F003EBBD0 /* AppDelegate.swift */ = {isa = PBXFileReference; lastKnownFileType = sourcecode.swift; path = AppDelegate.swift; sourceTree = "<group>"; };
		AD787A522B9C636F003EBBD0 /* SceneDelegate.swift */ = {isa = PBXFileReference; lastKnownFileType = sourcecode.swift; path = SceneDelegate.swift; sourceTree = "<group>"; };
		AD787A542B9C636F003EBBD0 /* ViewController.swift */ = {isa = PBXFileReference; lastKnownFileType = sourcecode.swift; path = ViewController.swift; sourceTree = "<group>"; };
		AD787A572B9C636F003EBBD0 /* Base */ = {isa = PBXFileReference; lastKnownFileType = file.storyboard; name = Base; path = Base.lproj/Main.storyboard; sourceTree = "<group>"; };
		AD787A592B9C6373003EBBD0 /* Assets.xcassets */ = {isa = PBXFileReference; lastKnownFileType = folder.assetcatalog; path = Assets.xcassets; sourceTree = "<group>"; };
		AD787A5C2B9C6373003EBBD0 /* Base */ = {isa = PBXFileReference; lastKnownFileType = file.storyboard; name = Base; path = Base.lproj/LaunchScreen.storyboard; sourceTree = "<group>"; };
		AD787A5E2B9C6373003EBBD0 /* Info.plist */ = {isa = PBXFileReference; lastKnownFileType = text.plist.xml; path = Info.plist; sourceTree = "<group>"; };
		AD787A632B9C6373003EBBD0 /* ArkKitTests.xctest */ = {isa = PBXFileReference; explicitFileType = wrapper.cfbundle; includeInIndex = 0; path = ArkKitTests.xctest; sourceTree = BUILT_PRODUCTS_DIR; };
		AD787A672B9C6373003EBBD0 /* ArkKitTests.swift */ = {isa = PBXFileReference; lastKnownFileType = sourcecode.swift; path = ArkKitTests.swift; sourceTree = "<group>"; };
		AD787A6D2B9C6373003EBBD0 /* ArkKitUITests.xctest */ = {isa = PBXFileReference; explicitFileType = wrapper.cfbundle; includeInIndex = 0; path = ArkKitUITests.xctest; sourceTree = BUILT_PRODUCTS_DIR; };
		AD787A812B9C6BD9003EBBD0 /* Entity.swift */ = {isa = PBXFileReference; lastKnownFileType = sourcecode.swift; path = Entity.swift; sourceTree = "<group>"; };
		AD787A832B9C6C78003EBBD0 /* Component.swift */ = {isa = PBXFileReference; lastKnownFileType = sourcecode.swift; path = Component.swift; sourceTree = "<group>"; };
		AD787A852B9C6C91003EBBD0 /* System.swift */ = {isa = PBXFileReference; lastKnownFileType = sourcecode.swift; path = System.swift; sourceTree = "<group>"; };
		AD787A872B9C6D3A003EBBD0 /* EntityManager.swift */ = {isa = PBXFileReference; lastKnownFileType = sourcecode.swift; path = EntityManager.swift; sourceTree = "<group>"; };
		AD787A892B9C70D8003EBBD0 /* ArkState.swift */ = {isa = PBXFileReference; lastKnownFileType = sourcecode.swift; path = ArkState.swift; sourceTree = "<group>"; };
		AD787A8B2B9C70FC003EBBD0 /* SystemManager.swift */ = {isa = PBXFileReference; lastKnownFileType = sourcecode.swift; path = SystemManager.swift; sourceTree = "<group>"; };
/* End PBXFileReference section */

/* Begin PBXFrameworksBuildPhase section */
		AD787A4A2B9C636F003EBBD0 /* Frameworks */ = {
			isa = PBXFrameworksBuildPhase;
			buildActionMask = 2147483647;
			files = (
			);
			runOnlyForDeploymentPostprocessing = 0;
		};
		AD787A602B9C6373003EBBD0 /* Frameworks */ = {
			isa = PBXFrameworksBuildPhase;
			buildActionMask = 2147483647;
			files = (
			);
			runOnlyForDeploymentPostprocessing = 0;
		};
		AD787A6A2B9C6373003EBBD0 /* Frameworks */ = {
			isa = PBXFrameworksBuildPhase;
			buildActionMask = 2147483647;
			files = (
			);
			runOnlyForDeploymentPostprocessing = 0;
		};
/* End PBXFrameworksBuildPhase section */

/* Begin PBXGroup section */
		02C394DA2BA401F00075F1CA /* ark-render-kit */ = {
			isa = PBXGroup;
			children = (
				02C394DB2BA402060075F1CA /* ViewRendererDelegate.swift */,
				02C394DD2BA4053E0075F1CA /* CanvasRenderer.swift */,
				02C394DF2BA405C10075F1CA /* RenderableGameState.swift */,
			);
			path = "ark-render-kit";
			sourceTree = "<group>";
		};
		02E0E8DE2B9F57170043E2BA /* ark-ui-adapter */ = {
			isa = PBXGroup;
			children = (
				02E0E8EA2BA280890043E2BA /* view-components */,
				02E0E8E42BA219C90043E2BA /* view-command-delegates */,
				02E0E8DF2B9F57430043E2BA /* ArkUi.swift */,
			);
			path = "ark-ui-adapter";
			sourceTree = "<group>";
		};
		02E0E8E42BA219C90043E2BA /* view-command-delegates */ = {
			isa = PBXGroup;
			children = (
				02E0E8E52BA219DA0043E2BA /* ButtonCommandDelegate.swift */,
				02E0E8F92BA292870043E2BA /* JoyStickCommandDelegate.swift */,
				02E0E8FB2BA292990043E2BA /* LayoutCommandDelegate.swift */,
				02E0E8FF2BA2936F0043E2BA /* AbstractViewCommandDelegate.swift */,
			);
			path = "view-command-delegates";
			sourceTree = "<group>";
		};
		02E0E8EA2BA280890043E2BA /* view-components */ = {
			isa = PBXGroup;
			children = (
				02E0E8EC2BA280940043E2BA /* bitmap */,
				02E0E8EB2BA2808F0043E2BA /* shapes */,
				02E0E8EF2BA280DB0043E2BA /* UiRenderable.swift */,
				02E0E8FD2BA293560043E2BA /* UiHandlerable.swift */,
			);
			path = "view-components";
			sourceTree = "<group>";
		};
		02E0E8EB2BA2808F0043E2BA /* shapes */ = {
			isa = PBXGroup;
			children = (
				02E0E8ED2BA280BD0043E2BA /* AbstractShapeUi.swift */,
				02E0E8F12BA282C20043E2BA /* CircleUi.swift */,
				02E0E8F32BA283180043E2BA /* RectUi.swift */,
				02E0E8F52BA283940043E2BA /* PolygonUi.swift */,
			);
			path = shapes;
			sourceTree = "<group>";
		};
		02E0E8EC2BA280940043E2BA /* bitmap */ = {
			isa = PBXGroup;
			children = (
				02E0E8F72BA284540043E2BA /* AbstractBitmapUi.swift */,
			);
			path = bitmap;
			sourceTree = "<group>";
		};
		AD6E035F2B9F067100974EBF /* ark-ecs-kit */ = {
			isa = PBXGroup;
			children = (
				AD787A812B9C6BD9003EBBD0 /* Entity.swift */,
				AD787A832B9C6C78003EBBD0 /* Component.swift */,
				AD787A852B9C6C91003EBBD0 /* System.swift */,
				AD787A872B9C6D3A003EBBD0 /* EntityManager.swift */,
				AD787A8B2B9C70FC003EBBD0 /* SystemManager.swift */,
				AD6E03602B9F15FA00974EBF /* ArkECS.swift */,
			);
			path = "ark-ecs-kit";
			sourceTree = "<group>";
		};
		AD6E03662BA1A5EA00974EBF /* ark-event-kit */ = {
			isa = PBXGroup;
			children = (
				AD6E03702BA2DB1F00974EBF /* data-structures */,
				AD6E03692BA1A70F00974EBF /* ark-event-data */,
				AD6E03642BA1949000974EBF /* ArkEvent.swift */,
				AD6E03672BA1A61200974EBF /* ArkEventManager.swift */,
				AD6E036C2BA1AB2D00974EBF /* DemoArkEvent.swift */,
			);
			path = "ark-event-kit";
			sourceTree = "<group>";
		};
		AD6E03692BA1A70F00974EBF /* ark-event-data */ = {
			isa = PBXGroup;
			children = (
				AD6E036A2BA1A71800974EBF /* ArkEventData.swift */,
			);
			path = "ark-event-data";
			sourceTree = "<group>";
		};
		AD6E03702BA2DB1F00974EBF /* data-structures */ = {
			isa = PBXGroup;
			children = (
				AD6E03712BA2DB2700974EBF /* Heap.swift */,
				AD6E036E2BA21A5B00974EBF /* Queue.swift */,
				AD6E03732BA2DB4100974EBF /* PriorityQueue.swift */,
			);
			path = "data-structures";
			sourceTree = "<group>";
		};
		AD787A442B9C636F003EBBD0 = {
			isa = PBXGroup;
			children = (
				AD787A4F2B9C636F003EBBD0 /* ArkKit */,
				AD787A662B9C6373003EBBD0 /* ArkKitTests */,
				AD787A4E2B9C636F003EBBD0 /* Products */,
			);
			sourceTree = "<group>";
		};
		AD787A4E2B9C636F003EBBD0 /* Products */ = {
			isa = PBXGroup;
			children = (
				AD787A4D2B9C636F003EBBD0 /* ArkKit.app */,
				AD787A632B9C6373003EBBD0 /* ArkKitTests.xctest */,
				AD787A6D2B9C6373003EBBD0 /* ArkKitUITests.xctest */,
			);
			name = Products;
			sourceTree = "<group>";
		};
		AD787A4F2B9C636F003EBBD0 /* ArkKit */ = {
			isa = PBXGroup;
			children = (
				02C394DA2BA401F00075F1CA /* ark-render-kit */,
				02E0E8DE2B9F57170043E2BA /* ark-ui-adapter */,
				AD6E03662BA1A5EA00974EBF /* ark-event-kit */,
				AD787A802B9C6BCE003EBBD0 /* ark-state-kit */,
				AD787A502B9C636F003EBBD0 /* AppDelegate.swift */,
				AD787A522B9C636F003EBBD0 /* SceneDelegate.swift */,
				AD787A542B9C636F003EBBD0 /* ViewController.swift */,
				AD787A562B9C636F003EBBD0 /* Main.storyboard */,
				AD787A592B9C6373003EBBD0 /* Assets.xcassets */,
				AD787A5B2B9C6373003EBBD0 /* LaunchScreen.storyboard */,
				AD787A5E2B9C6373003EBBD0 /* Info.plist */,
				02C394E22BA407420075F1CA /* Ark.swift */,
			);
			path = ArkKit;
			sourceTree = "<group>";
		};
		AD787A662B9C6373003EBBD0 /* ArkKitTests */ = {
			isa = PBXGroup;
			children = (
				AD787A672B9C6373003EBBD0 /* ArkKitTests.swift */,
			);
			path = ArkKitTests;
			sourceTree = "<group>";
		};
		AD787A802B9C6BCE003EBBD0 /* ark-state-kit */ = {
			isa = PBXGroup;
			children = (
				AD787A892B9C70D8003EBBD0 /* ArkState.swift */,
				AD6E03752BA2F24800974EBF /* ArkStateEventListener.swift */,
				AD6E035F2B9F067100974EBF /* ark-ecs-kit */,
			);
			path = "ark-state-kit";
			sourceTree = "<group>";
		};
/* End PBXGroup section */

/* Begin PBXNativeTarget section */
		AD787A4C2B9C636F003EBBD0 /* ArkKit */ = {
			isa = PBXNativeTarget;
			buildConfigurationList = AD787A772B9C6373003EBBD0 /* Build configuration list for PBXNativeTarget "ArkKit" */;
			buildPhases = (
				AD787A492B9C636F003EBBD0 /* Sources */,
				AD787A4A2B9C636F003EBBD0 /* Frameworks */,
				AD787A4B2B9C636F003EBBD0 /* Resources */,
				AD787A8D2B9C73E4003EBBD0 /* ShellScript */,
			);
			buildRules = (
			);
			dependencies = (
			);
			name = ArkKit;
			productName = LevelKit;
			productReference = AD787A4D2B9C636F003EBBD0 /* ArkKit.app */;
			productType = "com.apple.product-type.application";
		};
		AD787A622B9C6373003EBBD0 /* ArkKitTests */ = {
			isa = PBXNativeTarget;
			buildConfigurationList = AD787A7A2B9C6373003EBBD0 /* Build configuration list for PBXNativeTarget "ArkKitTests" */;
			buildPhases = (
				AD787A5F2B9C6373003EBBD0 /* Sources */,
				AD787A602B9C6373003EBBD0 /* Frameworks */,
				AD787A612B9C6373003EBBD0 /* Resources */,
			);
			buildRules = (
			);
			dependencies = (
				AD787A652B9C6373003EBBD0 /* PBXTargetDependency */,
			);
			name = ArkKitTests;
			productName = LevelKitTests;
			productReference = AD787A632B9C6373003EBBD0 /* ArkKitTests.xctest */;
			productType = "com.apple.product-type.bundle.unit-test";
		};
		AD787A6C2B9C6373003EBBD0 /* ArkKitUITests */ = {
			isa = PBXNativeTarget;
			buildConfigurationList = AD787A7D2B9C6373003EBBD0 /* Build configuration list for PBXNativeTarget "ArkKitUITests" */;
			buildPhases = (
				AD787A692B9C6373003EBBD0 /* Sources */,
				AD787A6A2B9C6373003EBBD0 /* Frameworks */,
				AD787A6B2B9C6373003EBBD0 /* Resources */,
			);
			buildRules = (
			);
			dependencies = (
				AD787A6F2B9C6373003EBBD0 /* PBXTargetDependency */,
			);
			name = ArkKitUITests;
			productName = LevelKitUITests;
			productReference = AD787A6D2B9C6373003EBBD0 /* ArkKitUITests.xctest */;
			productType = "com.apple.product-type.bundle.ui-testing";
		};
/* End PBXNativeTarget section */

/* Begin PBXProject section */
		AD787A452B9C636F003EBBD0 /* Project object */ = {
			isa = PBXProject;
			attributes = {
				BuildIndependentTargetsInParallel = 1;
				LastSwiftUpdateCheck = 1520;
				LastUpgradeCheck = 1520;
				TargetAttributes = {
					AD787A4C2B9C636F003EBBD0 = {
						CreatedOnToolsVersion = 15.2;
					};
					AD787A622B9C6373003EBBD0 = {
						CreatedOnToolsVersion = 15.2;
						TestTargetID = AD787A4C2B9C636F003EBBD0;
					};
					AD787A6C2B9C6373003EBBD0 = {
						CreatedOnToolsVersion = 15.2;
						TestTargetID = AD787A4C2B9C636F003EBBD0;
					};
				};
			};
			buildConfigurationList = AD787A482B9C636F003EBBD0 /* Build configuration list for PBXProject "ArkKit" */;
			compatibilityVersion = "Xcode 14.0";
			developmentRegion = en;
			hasScannedForEncodings = 0;
			knownRegions = (
				en,
				Base,
			);
			mainGroup = AD787A442B9C636F003EBBD0;
			productRefGroup = AD787A4E2B9C636F003EBBD0 /* Products */;
			projectDirPath = "";
			projectRoot = "";
			targets = (
				AD787A4C2B9C636F003EBBD0 /* ArkKit */,
				AD787A622B9C6373003EBBD0 /* ArkKitTests */,
				AD787A6C2B9C6373003EBBD0 /* ArkKitUITests */,
			);
		};
/* End PBXProject section */

/* Begin PBXResourcesBuildPhase section */
		AD787A4B2B9C636F003EBBD0 /* Resources */ = {
			isa = PBXResourcesBuildPhase;
			buildActionMask = 2147483647;
			files = (
				AD787A5D2B9C6373003EBBD0 /* LaunchScreen.storyboard in Resources */,
				AD787A5A2B9C6373003EBBD0 /* Assets.xcassets in Resources */,
				AD787A582B9C636F003EBBD0 /* Main.storyboard in Resources */,
			);
			runOnlyForDeploymentPostprocessing = 0;
		};
		AD787A612B9C6373003EBBD0 /* Resources */ = {
			isa = PBXResourcesBuildPhase;
			buildActionMask = 2147483647;
			files = (
			);
			runOnlyForDeploymentPostprocessing = 0;
		};
		AD787A6B2B9C6373003EBBD0 /* Resources */ = {
			isa = PBXResourcesBuildPhase;
			buildActionMask = 2147483647;
			files = (
			);
			runOnlyForDeploymentPostprocessing = 0;
		};
/* End PBXResourcesBuildPhase section */

/* Begin PBXShellScriptBuildPhase section */
		AD787A8D2B9C73E4003EBBD0 /* ShellScript */ = {
			isa = PBXShellScriptBuildPhase;
			buildActionMask = 2147483647;
			files = (
			);
			inputFileListPaths = (
			);
			inputPaths = (
			);
			outputFileListPaths = (
			);
			outputPaths = (
			);
			runOnlyForDeploymentPostprocessing = 0;
			shellPath = /bin/sh;
			shellScript = "if [[ \\\"$(uname -m)\\\" == arm64 ]]; then\n    export PATH=\\\"/opt/homebrew/bin:$PATH\\\"\nfi\n\nif which swiftlint > /dev/null; then\n    swiftlint --fix\n    swiftlint\nelse\n    echo \"warning: SwiftLint not installed, download from https://github.com/realm/SwiftLint\"\nfi\n";
		};
/* End PBXShellScriptBuildPhase section */

/* Begin PBXSourcesBuildPhase section */
		AD787A492B9C636F003EBBD0 /* Sources */ = {
			isa = PBXSourcesBuildPhase;
			buildActionMask = 2147483647;
			files = (
				AD787A822B9C6BD9003EBBD0 /* Entity.swift in Sources */,
				02E0E8F62BA283940043E2BA /* PolygonUi.swift in Sources */,
				02E0E8FC2BA292990043E2BA /* LayoutCommandDelegate.swift in Sources */,
				AD787A882B9C6D3A003EBBD0 /* EntityManager.swift in Sources */,
				02E0E8EE2BA280BD0043E2BA /* AbstractShapeUi.swift in Sources */,
				02E0E8FA2BA292870043E2BA /* JoyStickCommandDelegate.swift in Sources */,
				02E0E9002BA2936F0043E2BA /* AbstractViewCommandDelegate.swift in Sources */,
				AD6E036B2BA1A71800974EBF /* ArkEventData.swift in Sources */,
				AD6E03722BA2DB2700974EBF /* Heap.swift in Sources */,
				AD6E036D2BA1AB2D00974EBF /* DemoArkEvent.swift in Sources */,
				AD6E03612B9F15FA00974EBF /* ArkECS.swift in Sources */,
				02E0E8F22BA282C20043E2BA /* CircleUi.swift in Sources */,
				02E0E8E62BA219DA0043E2BA /* ButtonCommandDelegate.swift in Sources */,
				02E0E8F42BA283180043E2BA /* RectUi.swift in Sources */,
				AD787A552B9C636F003EBBD0 /* ViewController.swift in Sources */,
				02C394E32BA407420075F1CA /* Ark.swift in Sources */,
				AD6E03762BA2F24800974EBF /* ArkStateEventListener.swift in Sources */,
				AD787A512B9C636F003EBBD0 /* AppDelegate.swift in Sources */,
				AD6E03652BA1949000974EBF /* ArkEvent.swift in Sources */,
				AD787A8A2B9C70D8003EBBD0 /* ArkState.swift in Sources */,
				02E0E8FE2BA293560043E2BA /* UiHandlerable.swift in Sources */,
				AD787A532B9C636F003EBBD0 /* SceneDelegate.swift in Sources */,
				02E0E8F02BA280DB0043E2BA /* UiRenderable.swift in Sources */,
				02C394DC2BA402060075F1CA /* ViewRendererDelegate.swift in Sources */,
				02E0E8F82BA284540043E2BA /* AbstractBitmapUi.swift in Sources */,
				02E0E8E02B9F57430043E2BA /* ArkUi.swift in Sources */,
				02C394DE2BA4053E0075F1CA /* CanvasRenderer.swift in Sources */,
				AD6E036F2BA21A5B00974EBF /* Queue.swift in Sources */,
				AD6E03682BA1A61200974EBF /* ArkEventManager.swift in Sources */,
				AD787A862B9C6C91003EBBD0 /* System.swift in Sources */,
				02C394E02BA405C10075F1CA /* RenderableGameState.swift in Sources */,
				AD787A842B9C6C78003EBBD0 /* Component.swift in Sources */,
				AD787A8C2B9C70FC003EBBD0 /* SystemManager.swift in Sources */,
				AD6E03742BA2DB4100974EBF /* PriorityQueue.swift in Sources */,
			);
			runOnlyForDeploymentPostprocessing = 0;
		};
		AD787A5F2B9C6373003EBBD0 /* Sources */ = {
			isa = PBXSourcesBuildPhase;
			buildActionMask = 2147483647;
			files = (
				AD787A682B9C6373003EBBD0 /* ArkKitTests.swift in Sources */,
			);
			runOnlyForDeploymentPostprocessing = 0;
		};
		AD787A692B9C6373003EBBD0 /* Sources */ = {
			isa = PBXSourcesBuildPhase;
			buildActionMask = 2147483647;
			files = (
			);
			runOnlyForDeploymentPostprocessing = 0;
		};
/* End PBXSourcesBuildPhase section */

/* Begin PBXTargetDependency section */
		AD787A652B9C6373003EBBD0 /* PBXTargetDependency */ = {
			isa = PBXTargetDependency;
			target = AD787A4C2B9C636F003EBBD0 /* ArkKit */;
			targetProxy = AD787A642B9C6373003EBBD0 /* PBXContainerItemProxy */;
		};
		AD787A6F2B9C6373003EBBD0 /* PBXTargetDependency */ = {
			isa = PBXTargetDependency;
			target = AD787A4C2B9C636F003EBBD0 /* ArkKit */;
			targetProxy = AD787A6E2B9C6373003EBBD0 /* PBXContainerItemProxy */;
		};
/* End PBXTargetDependency section */

/* Begin PBXVariantGroup section */
		AD787A562B9C636F003EBBD0 /* Main.storyboard */ = {
			isa = PBXVariantGroup;
			children = (
				AD787A572B9C636F003EBBD0 /* Base */,
			);
			name = Main.storyboard;
			sourceTree = "<group>";
		};
		AD787A5B2B9C6373003EBBD0 /* LaunchScreen.storyboard */ = {
			isa = PBXVariantGroup;
			children = (
				AD787A5C2B9C6373003EBBD0 /* Base */,
			);
			name = LaunchScreen.storyboard;
			sourceTree = "<group>";
		};
/* End PBXVariantGroup section */

/* Begin XCBuildConfiguration section */
		AD787A752B9C6373003EBBD0 /* Debug */ = {
			isa = XCBuildConfiguration;
			buildSettings = {
				ALWAYS_SEARCH_USER_PATHS = NO;
				ASSETCATALOG_COMPILER_GENERATE_SWIFT_ASSET_SYMBOL_EXTENSIONS = YES;
				CLANG_ANALYZER_NONNULL = YES;
				CLANG_ANALYZER_NUMBER_OBJECT_CONVERSION = YES_AGGRESSIVE;
				CLANG_CXX_LANGUAGE_STANDARD = "gnu++20";
				CLANG_ENABLE_MODULES = YES;
				CLANG_ENABLE_OBJC_ARC = YES;
				CLANG_ENABLE_OBJC_WEAK = YES;
				CLANG_WARN_BLOCK_CAPTURE_AUTORELEASING = YES;
				CLANG_WARN_BOOL_CONVERSION = YES;
				CLANG_WARN_COMMA = YES;
				CLANG_WARN_CONSTANT_CONVERSION = YES;
				CLANG_WARN_DEPRECATED_OBJC_IMPLEMENTATIONS = YES;
				CLANG_WARN_DIRECT_OBJC_ISA_USAGE = YES_ERROR;
				CLANG_WARN_DOCUMENTATION_COMMENTS = YES;
				CLANG_WARN_EMPTY_BODY = YES;
				CLANG_WARN_ENUM_CONVERSION = YES;
				CLANG_WARN_INFINITE_RECURSION = YES;
				CLANG_WARN_INT_CONVERSION = YES;
				CLANG_WARN_NON_LITERAL_NULL_CONVERSION = YES;
				CLANG_WARN_OBJC_IMPLICIT_RETAIN_SELF = YES;
				CLANG_WARN_OBJC_LITERAL_CONVERSION = YES;
				CLANG_WARN_OBJC_ROOT_CLASS = YES_ERROR;
				CLANG_WARN_QUOTED_INCLUDE_IN_FRAMEWORK_HEADER = YES;
				CLANG_WARN_RANGE_LOOP_ANALYSIS = YES;
				CLANG_WARN_STRICT_PROTOTYPES = YES;
				CLANG_WARN_SUSPICIOUS_MOVE = YES;
				CLANG_WARN_UNGUARDED_AVAILABILITY = YES_AGGRESSIVE;
				CLANG_WARN_UNREACHABLE_CODE = YES;
				CLANG_WARN__DUPLICATE_METHOD_MATCH = YES;
				COPY_PHASE_STRIP = NO;
				DEBUG_INFORMATION_FORMAT = dwarf;
				ENABLE_STRICT_OBJC_MSGSEND = YES;
				ENABLE_TESTABILITY = YES;
				ENABLE_USER_SCRIPT_SANDBOXING = YES;
				GCC_C_LANGUAGE_STANDARD = gnu17;
				GCC_DYNAMIC_NO_PIC = NO;
				GCC_NO_COMMON_BLOCKS = YES;
				GCC_OPTIMIZATION_LEVEL = 0;
				GCC_PREPROCESSOR_DEFINITIONS = (
					"DEBUG=1",
					"$(inherited)",
				);
				GCC_WARN_64_TO_32_BIT_CONVERSION = YES;
				GCC_WARN_ABOUT_RETURN_TYPE = YES_ERROR;
				GCC_WARN_UNDECLARED_SELECTOR = YES;
				GCC_WARN_UNINITIALIZED_AUTOS = YES_AGGRESSIVE;
				GCC_WARN_UNUSED_FUNCTION = YES;
				GCC_WARN_UNUSED_VARIABLE = YES;
				IPHONEOS_DEPLOYMENT_TARGET = 17.2;
				LOCALIZATION_PREFERS_STRING_CATALOGS = YES;
				MTL_ENABLE_DEBUG_INFO = INCLUDE_SOURCE;
				MTL_FAST_MATH = YES;
				ONLY_ACTIVE_ARCH = YES;
				SDKROOT = iphoneos;
				SWIFT_ACTIVE_COMPILATION_CONDITIONS = "DEBUG $(inherited)";
				SWIFT_OPTIMIZATION_LEVEL = "-Onone";
			};
			name = Debug;
		};
		AD787A762B9C6373003EBBD0 /* Release */ = {
			isa = XCBuildConfiguration;
			buildSettings = {
				ALWAYS_SEARCH_USER_PATHS = NO;
				ASSETCATALOG_COMPILER_GENERATE_SWIFT_ASSET_SYMBOL_EXTENSIONS = YES;
				CLANG_ANALYZER_NONNULL = YES;
				CLANG_ANALYZER_NUMBER_OBJECT_CONVERSION = YES_AGGRESSIVE;
				CLANG_CXX_LANGUAGE_STANDARD = "gnu++20";
				CLANG_ENABLE_MODULES = YES;
				CLANG_ENABLE_OBJC_ARC = YES;
				CLANG_ENABLE_OBJC_WEAK = YES;
				CLANG_WARN_BLOCK_CAPTURE_AUTORELEASING = YES;
				CLANG_WARN_BOOL_CONVERSION = YES;
				CLANG_WARN_COMMA = YES;
				CLANG_WARN_CONSTANT_CONVERSION = YES;
				CLANG_WARN_DEPRECATED_OBJC_IMPLEMENTATIONS = YES;
				CLANG_WARN_DIRECT_OBJC_ISA_USAGE = YES_ERROR;
				CLANG_WARN_DOCUMENTATION_COMMENTS = YES;
				CLANG_WARN_EMPTY_BODY = YES;
				CLANG_WARN_ENUM_CONVERSION = YES;
				CLANG_WARN_INFINITE_RECURSION = YES;
				CLANG_WARN_INT_CONVERSION = YES;
				CLANG_WARN_NON_LITERAL_NULL_CONVERSION = YES;
				CLANG_WARN_OBJC_IMPLICIT_RETAIN_SELF = YES;
				CLANG_WARN_OBJC_LITERAL_CONVERSION = YES;
				CLANG_WARN_OBJC_ROOT_CLASS = YES_ERROR;
				CLANG_WARN_QUOTED_INCLUDE_IN_FRAMEWORK_HEADER = YES;
				CLANG_WARN_RANGE_LOOP_ANALYSIS = YES;
				CLANG_WARN_STRICT_PROTOTYPES = YES;
				CLANG_WARN_SUSPICIOUS_MOVE = YES;
				CLANG_WARN_UNGUARDED_AVAILABILITY = YES_AGGRESSIVE;
				CLANG_WARN_UNREACHABLE_CODE = YES;
				CLANG_WARN__DUPLICATE_METHOD_MATCH = YES;
				COPY_PHASE_STRIP = NO;
				DEBUG_INFORMATION_FORMAT = "dwarf-with-dsym";
				ENABLE_NS_ASSERTIONS = NO;
				ENABLE_STRICT_OBJC_MSGSEND = YES;
				ENABLE_USER_SCRIPT_SANDBOXING = YES;
				GCC_C_LANGUAGE_STANDARD = gnu17;
				GCC_NO_COMMON_BLOCKS = YES;
				GCC_WARN_64_TO_32_BIT_CONVERSION = YES;
				GCC_WARN_ABOUT_RETURN_TYPE = YES_ERROR;
				GCC_WARN_UNDECLARED_SELECTOR = YES;
				GCC_WARN_UNINITIALIZED_AUTOS = YES_AGGRESSIVE;
				GCC_WARN_UNUSED_FUNCTION = YES;
				GCC_WARN_UNUSED_VARIABLE = YES;
				IPHONEOS_DEPLOYMENT_TARGET = 17.2;
				LOCALIZATION_PREFERS_STRING_CATALOGS = YES;
				MTL_ENABLE_DEBUG_INFO = NO;
				MTL_FAST_MATH = YES;
				SDKROOT = iphoneos;
				SWIFT_COMPILATION_MODE = wholemodule;
				VALIDATE_PRODUCT = YES;
			};
			name = Release;
		};
		AD787A782B9C6373003EBBD0 /* Debug */ = {
			isa = XCBuildConfiguration;
			buildSettings = {
				ASSETCATALOG_COMPILER_APPICON_NAME = AppIcon;
				ASSETCATALOG_COMPILER_GLOBAL_ACCENT_COLOR_NAME = AccentColor;
				CODE_SIGN_STYLE = Automatic;
				CURRENT_PROJECT_VERSION = 1;
				DEVELOPMENT_TEAM = "";
				ENABLE_USER_SCRIPT_SANDBOXING = NO;
				GENERATE_INFOPLIST_FILE = YES;
				INFOPLIST_FILE = ArkKit/Info.plist;
				INFOPLIST_KEY_UIApplicationSupportsIndirectInputEvents = YES;
				INFOPLIST_KEY_UILaunchStoryboardName = LaunchScreen;
				INFOPLIST_KEY_UIMainStoryboardFile = Main;
				INFOPLIST_KEY_UISupportedInterfaceOrientations_iPad = "UIInterfaceOrientationPortrait UIInterfaceOrientationPortraitUpsideDown UIInterfaceOrientationLandscapeLeft UIInterfaceOrientationLandscapeRight";
				INFOPLIST_KEY_UISupportedInterfaceOrientations_iPhone = "UIInterfaceOrientationPortrait UIInterfaceOrientationLandscapeLeft UIInterfaceOrientationLandscapeRight";
				LD_RUNPATH_SEARCH_PATHS = (
					"$(inherited)",
					"@executable_path/Frameworks",
				);
				MARKETING_VERSION = 1.0;
				PRODUCT_BUNDLE_IDENTIFIER = ArkKit.ArkKit;
				PRODUCT_NAME = "$(TARGET_NAME)";
				SWIFT_EMIT_LOC_STRINGS = YES;
				SWIFT_VERSION = 5.0;
				TARGETED_DEVICE_FAMILY = "1,2";
			};
			name = Debug;
		};
		AD787A792B9C6373003EBBD0 /* Release */ = {
			isa = XCBuildConfiguration;
			buildSettings = {
				ASSETCATALOG_COMPILER_APPICON_NAME = AppIcon;
				ASSETCATALOG_COMPILER_GLOBAL_ACCENT_COLOR_NAME = AccentColor;
				CODE_SIGN_STYLE = Automatic;
				CURRENT_PROJECT_VERSION = 1;
				DEVELOPMENT_TEAM = "";
				ENABLE_USER_SCRIPT_SANDBOXING = NO;
				GENERATE_INFOPLIST_FILE = YES;
				INFOPLIST_FILE = ArkKit/Info.plist;
				INFOPLIST_KEY_UIApplicationSupportsIndirectInputEvents = YES;
				INFOPLIST_KEY_UILaunchStoryboardName = LaunchScreen;
				INFOPLIST_KEY_UIMainStoryboardFile = Main;
				INFOPLIST_KEY_UISupportedInterfaceOrientations_iPad = "UIInterfaceOrientationPortrait UIInterfaceOrientationPortraitUpsideDown UIInterfaceOrientationLandscapeLeft UIInterfaceOrientationLandscapeRight";
				INFOPLIST_KEY_UISupportedInterfaceOrientations_iPhone = "UIInterfaceOrientationPortrait UIInterfaceOrientationLandscapeLeft UIInterfaceOrientationLandscapeRight";
				LD_RUNPATH_SEARCH_PATHS = (
					"$(inherited)",
					"@executable_path/Frameworks",
				);
				MARKETING_VERSION = 1.0;
				PRODUCT_BUNDLE_IDENTIFIER = ArkKit.ArkKit;
				PRODUCT_NAME = "$(TARGET_NAME)";
				SWIFT_EMIT_LOC_STRINGS = YES;
				SWIFT_VERSION = 5.0;
				TARGETED_DEVICE_FAMILY = "1,2";
			};
			name = Release;
		};
		AD787A7B2B9C6373003EBBD0 /* Debug */ = {
			isa = XCBuildConfiguration;
			buildSettings = {
				ALWAYS_EMBED_SWIFT_STANDARD_LIBRARIES = YES;
				BUNDLE_LOADER = "$(TEST_HOST)";
				CODE_SIGN_STYLE = Automatic;
				CURRENT_PROJECT_VERSION = 1;
				GENERATE_INFOPLIST_FILE = YES;
				IPHONEOS_DEPLOYMENT_TARGET = 17.2;
				MARKETING_VERSION = 1.0;
				PRODUCT_BUNDLE_IDENTIFIER = LevelKit.LevelKitTests;
				PRODUCT_NAME = "$(TARGET_NAME)";
				SWIFT_EMIT_LOC_STRINGS = NO;
				SWIFT_VERSION = 5.0;
				TARGETED_DEVICE_FAMILY = "1,2";
				TEST_HOST = "$(BUILT_PRODUCTS_DIR)/ArkKit.app/$(BUNDLE_EXECUTABLE_FOLDER_PATH)/ArkKit";
			};
			name = Debug;
		};
		AD787A7C2B9C6373003EBBD0 /* Release */ = {
			isa = XCBuildConfiguration;
			buildSettings = {
				ALWAYS_EMBED_SWIFT_STANDARD_LIBRARIES = YES;
				BUNDLE_LOADER = "$(TEST_HOST)";
				CODE_SIGN_STYLE = Automatic;
				CURRENT_PROJECT_VERSION = 1;
				GENERATE_INFOPLIST_FILE = YES;
				IPHONEOS_DEPLOYMENT_TARGET = 17.2;
				MARKETING_VERSION = 1.0;
				PRODUCT_BUNDLE_IDENTIFIER = LevelKit.LevelKitTests;
				PRODUCT_NAME = "$(TARGET_NAME)";
				SWIFT_EMIT_LOC_STRINGS = NO;
				SWIFT_VERSION = 5.0;
				TARGETED_DEVICE_FAMILY = "1,2";
				TEST_HOST = "$(BUILT_PRODUCTS_DIR)/ArkKit.app/$(BUNDLE_EXECUTABLE_FOLDER_PATH)/ArkKit";
			};
			name = Release;
		};
		AD787A7E2B9C6373003EBBD0 /* Debug */ = {
			isa = XCBuildConfiguration;
			buildSettings = {
				ALWAYS_EMBED_SWIFT_STANDARD_LIBRARIES = YES;
				CODE_SIGN_STYLE = Automatic;
				CURRENT_PROJECT_VERSION = 1;
				GENERATE_INFOPLIST_FILE = YES;
				MARKETING_VERSION = 1.0;
				PRODUCT_BUNDLE_IDENTIFIER = LevelKit.LevelKitUITests;
				PRODUCT_NAME = "$(TARGET_NAME)";
				SWIFT_EMIT_LOC_STRINGS = NO;
				SWIFT_VERSION = 5.0;
				TARGETED_DEVICE_FAMILY = "1,2";
				TEST_TARGET_NAME = LevelKit;
			};
			name = Debug;
		};
		AD787A7F2B9C6373003EBBD0 /* Release */ = {
			isa = XCBuildConfiguration;
			buildSettings = {
				ALWAYS_EMBED_SWIFT_STANDARD_LIBRARIES = YES;
				CODE_SIGN_STYLE = Automatic;
				CURRENT_PROJECT_VERSION = 1;
				GENERATE_INFOPLIST_FILE = YES;
				MARKETING_VERSION = 1.0;
				PRODUCT_BUNDLE_IDENTIFIER = LevelKit.LevelKitUITests;
				PRODUCT_NAME = "$(TARGET_NAME)";
				SWIFT_EMIT_LOC_STRINGS = NO;
				SWIFT_VERSION = 5.0;
				TARGETED_DEVICE_FAMILY = "1,2";
				TEST_TARGET_NAME = LevelKit;
			};
			name = Release;
		};
/* End XCBuildConfiguration section */

/* Begin XCConfigurationList section */
		AD787A482B9C636F003EBBD0 /* Build configuration list for PBXProject "ArkKit" */ = {
			isa = XCConfigurationList;
			buildConfigurations = (
				AD787A752B9C6373003EBBD0 /* Debug */,
				AD787A762B9C6373003EBBD0 /* Release */,
			);
			defaultConfigurationIsVisible = 0;
			defaultConfigurationName = Release;
		};
		AD787A772B9C6373003EBBD0 /* Build configuration list for PBXNativeTarget "ArkKit" */ = {
			isa = XCConfigurationList;
			buildConfigurations = (
				AD787A782B9C6373003EBBD0 /* Debug */,
				AD787A792B9C6373003EBBD0 /* Release */,
			);
			defaultConfigurationIsVisible = 0;
			defaultConfigurationName = Release;
		};
		AD787A7A2B9C6373003EBBD0 /* Build configuration list for PBXNativeTarget "ArkKitTests" */ = {
			isa = XCConfigurationList;
			buildConfigurations = (
				AD787A7B2B9C6373003EBBD0 /* Debug */,
				AD787A7C2B9C6373003EBBD0 /* Release */,
			);
			defaultConfigurationIsVisible = 0;
			defaultConfigurationName = Release;
		};
		AD787A7D2B9C6373003EBBD0 /* Build configuration list for PBXNativeTarget "ArkKitUITests" */ = {
			isa = XCConfigurationList;
			buildConfigurations = (
				AD787A7E2B9C6373003EBBD0 /* Debug */,
				AD787A7F2B9C6373003EBBD0 /* Release */,
			);
			defaultConfigurationIsVisible = 0;
			defaultConfigurationName = Release;
		};
/* End XCConfigurationList section */
	};
	rootObject = AD787A452B9C636F003EBBD0 /* Project object */;
}
