// !$*UTF8*$!
{
	archiveVersion = 1;
	classes = {
	};
	objectVersion = 56;
	objects = {

/* Begin PBXBuildFile section */
		AD787A512B9C636F003EBBD0 /* AppDelegate.swift in Sources */ = {isa = PBXBuildFile; fileRef = AD787A502B9C636F003EBBD0 /* AppDelegate.swift */; };
		AD787A532B9C636F003EBBD0 /* SceneDelegate.swift in Sources */ = {isa = PBXBuildFile; fileRef = AD787A522B9C636F003EBBD0 /* SceneDelegate.swift */; };
		AD787A552B9C636F003EBBD0 /* ViewController.swift in Sources */ = {isa = PBXBuildFile; fileRef = AD787A542B9C636F003EBBD0 /* ViewController.swift */; };
		AD787A582B9C636F003EBBD0 /* Main.storyboard in Resources */ = {isa = PBXBuildFile; fileRef = AD787A562B9C636F003EBBD0 /* Main.storyboard */; };
		AD787A5A2B9C6373003EBBD0 /* Assets.xcassets in Resources */ = {isa = PBXBuildFile; fileRef = AD787A592B9C6373003EBBD0 /* Assets.xcassets */; };
		AD787A5D2B9C6373003EBBD0 /* LaunchScreen.storyboard in Resources */ = {isa = PBXBuildFile; fileRef = AD787A5B2B9C6373003EBBD0 /* LaunchScreen.storyboard */; };
		AD787A682B9C6373003EBBD0 /* LevelKitTests.swift in Sources */ = {isa = PBXBuildFile; fileRef = AD787A672B9C6373003EBBD0 /* LevelKitTests.swift */; };
		AD787A822B9C6BD9003EBBD0 /* Entity.swift in Sources */ = {isa = PBXBuildFile; fileRef = AD787A812B9C6BD9003EBBD0 /* Entity.swift */; };
		AD787A842B9C6C78003EBBD0 /* Component.swift in Sources */ = {isa = PBXBuildFile; fileRef = AD787A832B9C6C78003EBBD0 /* Component.swift */; };
		AD787A862B9C6C91003EBBD0 /* System.swift in Sources */ = {isa = PBXBuildFile; fileRef = AD787A852B9C6C91003EBBD0 /* System.swift */; };
		AD787A882B9C6D3A003EBBD0 /* EntityManager.swift in Sources */ = {isa = PBXBuildFile; fileRef = AD787A872B9C6D3A003EBBD0 /* EntityManager.swift */; };
		AD787A8A2B9C70D8003EBBD0 /* LevelState.swift in Sources */ = {isa = PBXBuildFile; fileRef = AD787A892B9C70D8003EBBD0 /* LevelState.swift */; };
		AD787A8C2B9C70FC003EBBD0 /* SystemManager.swift in Sources */ = {isa = PBXBuildFile; fileRef = AD787A8B2B9C70FC003EBBD0 /* SystemManager.swift */; };
/* End PBXBuildFile section */

/* Begin PBXContainerItemProxy section */
		AD787A642B9C6373003EBBD0 /* PBXContainerItemProxy */ = {
			isa = PBXContainerItemProxy;
			containerPortal = AD787A452B9C636F003EBBD0 /* Project object */;
			proxyType = 1;
			remoteGlobalIDString = AD787A4C2B9C636F003EBBD0;
			remoteInfo = LevelKit;
		};
		AD787A6E2B9C6373003EBBD0 /* PBXContainerItemProxy */ = {
			isa = PBXContainerItemProxy;
			containerPortal = AD787A452B9C636F003EBBD0 /* Project object */;
			proxyType = 1;
			remoteGlobalIDString = AD787A4C2B9C636F003EBBD0;
			remoteInfo = LevelKit;
		};
/* End PBXContainerItemProxy section */

/* Begin PBXFileReference section */
		AD787A4D2B9C636F003EBBD0 /* LevelKit.app */ = {isa = PBXFileReference; explicitFileType = wrapper.application; includeInIndex = 0; path = LevelKit.app; sourceTree = BUILT_PRODUCTS_DIR; };
		AD787A502B9C636F003EBBD0 /* AppDelegate.swift */ = {isa = PBXFileReference; lastKnownFileType = sourcecode.swift; path = AppDelegate.swift; sourceTree = "<group>"; };
		AD787A522B9C636F003EBBD0 /* SceneDelegate.swift */ = {isa = PBXFileReference; lastKnownFileType = sourcecode.swift; path = SceneDelegate.swift; sourceTree = "<group>"; };
		AD787A542B9C636F003EBBD0 /* ViewController.swift */ = {isa = PBXFileReference; lastKnownFileType = sourcecode.swift; path = ViewController.swift; sourceTree = "<group>"; };
		AD787A572B9C636F003EBBD0 /* Base */ = {isa = PBXFileReference; lastKnownFileType = file.storyboard; name = Base; path = Base.lproj/Main.storyboard; sourceTree = "<group>"; };
		AD787A592B9C6373003EBBD0 /* Assets.xcassets */ = {isa = PBXFileReference; lastKnownFileType = folder.assetcatalog; path = Assets.xcassets; sourceTree = "<group>"; };
		AD787A5C2B9C6373003EBBD0 /* Base */ = {isa = PBXFileReference; lastKnownFileType = file.storyboard; name = Base; path = Base.lproj/LaunchScreen.storyboard; sourceTree = "<group>"; };
		AD787A5E2B9C6373003EBBD0 /* Info.plist */ = {isa = PBXFileReference; lastKnownFileType = text.plist.xml; path = Info.plist; sourceTree = "<group>"; };
		AD787A632B9C6373003EBBD0 /* LevelKitTests.xctest */ = {isa = PBXFileReference; explicitFileType = wrapper.cfbundle; includeInIndex = 0; path = LevelKitTests.xctest; sourceTree = BUILT_PRODUCTS_DIR; };
		AD787A672B9C6373003EBBD0 /* LevelKitTests.swift */ = {isa = PBXFileReference; lastKnownFileType = sourcecode.swift; path = LevelKitTests.swift; sourceTree = "<group>"; };
		AD787A6D2B9C6373003EBBD0 /* LevelKitUITests.xctest */ = {isa = PBXFileReference; explicitFileType = wrapper.cfbundle; includeInIndex = 0; path = LevelKitUITests.xctest; sourceTree = BUILT_PRODUCTS_DIR; };
		AD787A812B9C6BD9003EBBD0 /* Entity.swift */ = {isa = PBXFileReference; lastKnownFileType = sourcecode.swift; path = Entity.swift; sourceTree = "<group>"; };
		AD787A832B9C6C78003EBBD0 /* Component.swift */ = {isa = PBXFileReference; lastKnownFileType = sourcecode.swift; path = Component.swift; sourceTree = "<group>"; };
		AD787A852B9C6C91003EBBD0 /* System.swift */ = {isa = PBXFileReference; lastKnownFileType = sourcecode.swift; path = System.swift; sourceTree = "<group>"; };
		AD787A872B9C6D3A003EBBD0 /* EntityManager.swift */ = {isa = PBXFileReference; lastKnownFileType = sourcecode.swift; path = EntityManager.swift; sourceTree = "<group>"; };
		AD787A892B9C70D8003EBBD0 /* LevelState.swift */ = {isa = PBXFileReference; lastKnownFileType = sourcecode.swift; path = LevelState.swift; sourceTree = "<group>"; };
		AD787A8B2B9C70FC003EBBD0 /* SystemManager.swift */ = {isa = PBXFileReference; lastKnownFileType = sourcecode.swift; path = SystemManager.swift; sourceTree = "<group>"; };
/* End PBXFileReference section */

/* Begin PBXFrameworksBuildPhase section */
		AD787A4A2B9C636F003EBBD0 /* Frameworks */ = {
			isa = PBXFrameworksBuildPhase;
			buildActionMask = 2147483647;
			files = (
			);
			runOnlyForDeploymentPostprocessing = 0;
		};
		AD787A602B9C6373003EBBD0 /* Frameworks */ = {
			isa = PBXFrameworksBuildPhase;
			buildActionMask = 2147483647;
			files = (
			);
			runOnlyForDeploymentPostprocessing = 0;
		};
		AD787A6A2B9C6373003EBBD0 /* Frameworks */ = {
			isa = PBXFrameworksBuildPhase;
			buildActionMask = 2147483647;
			files = (
			);
			runOnlyForDeploymentPostprocessing = 0;
		};
/* End PBXFrameworksBuildPhase section */

/* Begin PBXGroup section */
		AD787A442B9C636F003EBBD0 = {
			isa = PBXGroup;
			children = (
				AD787A4F2B9C636F003EBBD0 /* LevelKit */,
				AD787A662B9C6373003EBBD0 /* LevelKitTests */,
				AD787A4E2B9C636F003EBBD0 /* Products */,
			);
			sourceTree = "<group>";
		};
		AD787A4E2B9C636F003EBBD0 /* Products */ = {
			isa = PBXGroup;
			children = (
				AD787A4D2B9C636F003EBBD0 /* LevelKit.app */,
				AD787A632B9C6373003EBBD0 /* LevelKitTests.xctest */,
				AD787A6D2B9C6373003EBBD0 /* LevelKitUITests.xctest */,
			);
			name = Products;
			sourceTree = "<group>";
		};
		AD787A4F2B9C636F003EBBD0 /* LevelKit */ = {
			isa = PBXGroup;
			children = (
				AD787A802B9C6BCE003EBBD0 /* LevelState */,
				AD787A502B9C636F003EBBD0 /* AppDelegate.swift */,
				AD787A522B9C636F003EBBD0 /* SceneDelegate.swift */,
				AD787A542B9C636F003EBBD0 /* ViewController.swift */,
				AD787A562B9C636F003EBBD0 /* Main.storyboard */,
				AD787A592B9C6373003EBBD0 /* Assets.xcassets */,
				AD787A5B2B9C6373003EBBD0 /* LaunchScreen.storyboard */,
				AD787A5E2B9C6373003EBBD0 /* Info.plist */,
			);
			path = LevelKit;
			sourceTree = "<group>";
		};
		AD787A662B9C6373003EBBD0 /* LevelKitTests */ = {
			isa = PBXGroup;
			children = (
				AD787A672B9C6373003EBBD0 /* LevelKitTests.swift */,
			);
			path = LevelKitTests;
			sourceTree = "<group>";
		};
		AD787A802B9C6BCE003EBBD0 /* LevelState */ = {
			isa = PBXGroup;
			children = (
				AD787A812B9C6BD9003EBBD0 /* Entity.swift */,
				AD787A832B9C6C78003EBBD0 /* Component.swift */,
				AD787A852B9C6C91003EBBD0 /* System.swift */,
				AD787A872B9C6D3A003EBBD0 /* EntityManager.swift */,
				AD787A892B9C70D8003EBBD0 /* LevelState.swift */,
				AD787A8B2B9C70FC003EBBD0 /* SystemManager.swift */,
			);
			path = LevelState;
			sourceTree = "<group>";
		};
/* End PBXGroup section */

/* Begin PBXNativeTarget section */
		AD787A4C2B9C636F003EBBD0 /* LevelKit */ = {
			isa = PBXNativeTarget;
			buildConfigurationList = AD787A772B9C6373003EBBD0 /* Build configuration list for PBXNativeTarget "LevelKit" */;
			buildPhases = (
				AD787A492B9C636F003EBBD0 /* Sources */,
				AD787A4A2B9C636F003EBBD0 /* Frameworks */,
				AD787A4B2B9C636F003EBBD0 /* Resources */,
				AD787A8D2B9C73E4003EBBD0 /* ShellScript */,
			);
			buildRules = (
			);
			dependencies = (
			);
			name = LevelKit;
			productName = LevelKit;
			productReference = AD787A4D2B9C636F003EBBD0 /* LevelKit.app */;
			productType = "com.apple.product-type.application";
		};
		AD787A622B9C6373003EBBD0 /* LevelKitTests */ = {
			isa = PBXNativeTarget;
			buildConfigurationList = AD787A7A2B9C6373003EBBD0 /* Build configuration list for PBXNativeTarget "LevelKitTests" */;
			buildPhases = (
				AD787A5F2B9C6373003EBBD0 /* Sources */,
				AD787A602B9C6373003EBBD0 /* Frameworks */,
				AD787A612B9C6373003EBBD0 /* Resources */,
			);
			buildRules = (
			);
			dependencies = (
				AD787A652B9C6373003EBBD0 /* PBXTargetDependency */,
			);
			name = LevelKitTests;
			productName = LevelKitTests;
			productReference = AD787A632B9C6373003EBBD0 /* LevelKitTests.xctest */;
			productType = "com.apple.product-type.bundle.unit-test";
		};
		AD787A6C2B9C6373003EBBD0 /* LevelKitUITests */ = {
			isa = PBXNativeTarget;
			buildConfigurationList = AD787A7D2B9C6373003EBBD0 /* Build configuration list for PBXNativeTarget "LevelKitUITests" */;
			buildPhases = (
				AD787A692B9C6373003EBBD0 /* Sources */,
				AD787A6A2B9C6373003EBBD0 /* Frameworks */,
				AD787A6B2B9C6373003EBBD0 /* Resources */,
			);
			buildRules = (
			);
			dependencies = (
				AD787A6F2B9C6373003EBBD0 /* PBXTargetDependency */,
			);
			name = LevelKitUITests;
			productName = LevelKitUITests;
			productReference = AD787A6D2B9C6373003EBBD0 /* LevelKitUITests.xctest */;
			productType = "com.apple.product-type.bundle.ui-testing";
		};
/* End PBXNativeTarget section */

/* Begin PBXProject section */
		AD787A452B9C636F003EBBD0 /* Project object */ = {
			isa = PBXProject;
			attributes = {
				BuildIndependentTargetsInParallel = 1;
				LastSwiftUpdateCheck = 1520;
				LastUpgradeCheck = 1520;
				TargetAttributes = {
					AD787A4C2B9C636F003EBBD0 = {
						CreatedOnToolsVersion = 15.2;
					};
					AD787A622B9C6373003EBBD0 = {
						CreatedOnToolsVersion = 15.2;
						TestTargetID = AD787A4C2B9C636F003EBBD0;
					};
					AD787A6C2B9C6373003EBBD0 = {
						CreatedOnToolsVersion = 15.2;
						TestTargetID = AD787A4C2B9C636F003EBBD0;
					};
				};
			};
			buildConfigurationList = AD787A482B9C636F003EBBD0 /* Build configuration list for PBXProject "LevelKit" */;
			compatibilityVersion = "Xcode 14.0";
			developmentRegion = en;
			hasScannedForEncodings = 0;
			knownRegions = (
				en,
				Base,
			);
			mainGroup = AD787A442B9C636F003EBBD0;
			productRefGroup = AD787A4E2B9C636F003EBBD0 /* Products */;
			projectDirPath = "";
			projectRoot = "";
			targets = (
				AD787A4C2B9C636F003EBBD0 /* LevelKit */,
				AD787A622B9C6373003EBBD0 /* LevelKitTests */,
				AD787A6C2B9C6373003EBBD0 /* LevelKitUITests */,
			);
		};
/* End PBXProject section */

/* Begin PBXResourcesBuildPhase section */
		AD787A4B2B9C636F003EBBD0 /* Resources */ = {
			isa = PBXResourcesBuildPhase;
			buildActionMask = 2147483647;
			files = (
				AD787A5D2B9C6373003EBBD0 /* LaunchScreen.storyboard in Resources */,
				AD787A5A2B9C6373003EBBD0 /* Assets.xcassets in Resources */,
				AD787A582B9C636F003EBBD0 /* Main.storyboard in Resources */,
			);
			runOnlyForDeploymentPostprocessing = 0;
		};
		AD787A612B9C6373003EBBD0 /* Resources */ = {
			isa = PBXResourcesBuildPhase;
			buildActionMask = 2147483647;
			files = (
			);
			runOnlyForDeploymentPostprocessing = 0;
		};
		AD787A6B2B9C6373003EBBD0 /* Resources */ = {
			isa = PBXResourcesBuildPhase;
			buildActionMask = 2147483647;
			files = (
			);
			runOnlyForDeploymentPostprocessing = 0;
		};
/* End PBXResourcesBuildPhase section */

/* Begin PBXShellScriptBuildPhase section */
		AD787A8D2B9C73E4003EBBD0 /* ShellScript */ = {
			isa = PBXShellScriptBuildPhase;
			buildActionMask = 2147483647;
			files = (
			);
			inputFileListPaths = (
			);
			inputPaths = (
			);
			outputFileListPaths = (
			);
			outputPaths = (
			);
			runOnlyForDeploymentPostprocessing = 0;
			shellPath = /bin/sh;
			shellScript = "if [[ \\\"$(uname -m)\\\" == arm64 ]]; then\n    export PATH=\\\"/opt/homebrew/bin:$PATH\\\"\nfi\n\nif which swiftlint > /dev/null; then\n    swiftlint --fix\n    swiftlint\nelse\n    echo \"warning: SwiftLint not installed, download from https://github.com/realm/SwiftLint\"\nfi\n";
		};
/* End PBXShellScriptBuildPhase section */

/* Begin PBXSourcesBuildPhase section */
		AD787A492B9C636F003EBBD0 /* Sources */ = {
			isa = PBXSourcesBuildPhase;
			buildActionMask = 2147483647;
			files = (
				AD787A822B9C6BD9003EBBD0 /* Entity.swift in Sources */,
				AD787A882B9C6D3A003EBBD0 /* EntityManager.swift in Sources */,
				AD787A552B9C636F003EBBD0 /* ViewController.swift in Sources */,
				AD787A512B9C636F003EBBD0 /* AppDelegate.swift in Sources */,
				AD787A8A2B9C70D8003EBBD0 /* LevelState.swift in Sources */,
				AD787A532B9C636F003EBBD0 /* SceneDelegate.swift in Sources */,
				AD787A862B9C6C91003EBBD0 /* System.swift in Sources */,
				AD787A842B9C6C78003EBBD0 /* Component.swift in Sources */,
				AD787A8C2B9C70FC003EBBD0 /* SystemManager.swift in Sources */,
			);
			runOnlyForDeploymentPostprocessing = 0;
		};
		AD787A5F2B9C6373003EBBD0 /* Sources */ = {
			isa = PBXSourcesBuildPhase;
			buildActionMask = 2147483647;
			files = (
				AD787A682B9C6373003EBBD0 /* LevelKitTests.swift in Sources */,
			);
			runOnlyForDeploymentPostprocessing = 0;
		};
		AD787A692B9C6373003EBBD0 /* Sources */ = {
			isa = PBXSourcesBuildPhase;
			buildActionMask = 2147483647;
			files = (
			);
			runOnlyForDeploymentPostprocessing = 0;
		};
/* End PBXSourcesBuildPhase section */

/* Begin PBXTargetDependency section */
		AD787A652B9C6373003EBBD0 /* PBXTargetDependency */ = {
			isa = PBXTargetDependency;
			target = AD787A4C2B9C636F003EBBD0 /* LevelKit */;
			targetProxy = AD787A642B9C6373003EBBD0 /* PBXContainerItemProxy */;
		};
		AD787A6F2B9C6373003EBBD0 /* PBXTargetDependency */ = {
			isa = PBXTargetDependency;
			target = AD787A4C2B9C636F003EBBD0 /* LevelKit */;
			targetProxy = AD787A6E2B9C6373003EBBD0 /* PBXContainerItemProxy */;
		};
/* End PBXTargetDependency section */

/* Begin PBXVariantGroup section */
		AD787A562B9C636F003EBBD0 /* Main.storyboard */ = {
			isa = PBXVariantGroup;
			children = (
				AD787A572B9C636F003EBBD0 /* Base */,
			);
			name = Main.storyboard;
			sourceTree = "<group>";
		};
		AD787A5B2B9C6373003EBBD0 /* LaunchScreen.storyboard */ = {
			isa = PBXVariantGroup;
			children = (
				AD787A5C2B9C6373003EBBD0 /* Base */,
			);
			name = LaunchScreen.storyboard;
			sourceTree = "<group>";
		};
/* End PBXVariantGroup section */

/* Begin XCBuildConfiguration section */
		AD787A752B9C6373003EBBD0 /* Debug */ = {
			isa = XCBuildConfiguration;
			buildSettings = {
				ALWAYS_SEARCH_USER_PATHS = NO;
				ASSETCATALOG_COMPILER_GENERATE_SWIFT_ASSET_SYMBOL_EXTENSIONS = YES;
				CLANG_ANALYZER_NONNULL = YES;
				CLANG_ANALYZER_NUMBER_OBJECT_CONVERSION = YES_AGGRESSIVE;
				CLANG_CXX_LANGUAGE_STANDARD = "gnu++20";
				CLANG_ENABLE_MODULES = YES;
				CLANG_ENABLE_OBJC_ARC = YES;
				CLANG_ENABLE_OBJC_WEAK = YES;
				CLANG_WARN_BLOCK_CAPTURE_AUTORELEASING = YES;
				CLANG_WARN_BOOL_CONVERSION = YES;
				CLANG_WARN_COMMA = YES;
				CLANG_WARN_CONSTANT_CONVERSION = YES;
				CLANG_WARN_DEPRECATED_OBJC_IMPLEMENTATIONS = YES;
				CLANG_WARN_DIRECT_OBJC_ISA_USAGE = YES_ERROR;
				CLANG_WARN_DOCUMENTATION_COMMENTS = YES;
				CLANG_WARN_EMPTY_BODY = YES;
				CLANG_WARN_ENUM_CONVERSION = YES;
				CLANG_WARN_INFINITE_RECURSION = YES;
				CLANG_WARN_INT_CONVERSION = YES;
				CLANG_WARN_NON_LITERAL_NULL_CONVERSION = YES;
				CLANG_WARN_OBJC_IMPLICIT_RETAIN_SELF = YES;
				CLANG_WARN_OBJC_LITERAL_CONVERSION = YES;
				CLANG_WARN_OBJC_ROOT_CLASS = YES_ERROR;
				CLANG_WARN_QUOTED_INCLUDE_IN_FRAMEWORK_HEADER = YES;
				CLANG_WARN_RANGE_LOOP_ANALYSIS = YES;
				CLANG_WARN_STRICT_PROTOTYPES = YES;
				CLANG_WARN_SUSPICIOUS_MOVE = YES;
				CLANG_WARN_UNGUARDED_AVAILABILITY = YES_AGGRESSIVE;
				CLANG_WARN_UNREACHABLE_CODE = YES;
				CLANG_WARN__DUPLICATE_METHOD_MATCH = YES;
				COPY_PHASE_STRIP = NO;
				DEBUG_INFORMATION_FORMAT = dwarf;
				ENABLE_STRICT_OBJC_MSGSEND = YES;
				ENABLE_TESTABILITY = YES;
				ENABLE_USER_SCRIPT_SANDBOXING = YES;
				GCC_C_LANGUAGE_STANDARD = gnu17;
				GCC_DYNAMIC_NO_PIC = NO;
				GCC_NO_COMMON_BLOCKS = YES;
				GCC_OPTIMIZATION_LEVEL = 0;
				GCC_PREPROCESSOR_DEFINITIONS = (
					"DEBUG=1",
					"$(inherited)",
				);
				GCC_WARN_64_TO_32_BIT_CONVERSION = YES;
				GCC_WARN_ABOUT_RETURN_TYPE = YES_ERROR;
				GCC_WARN_UNDECLARED_SELECTOR = YES;
				GCC_WARN_UNINITIALIZED_AUTOS = YES_AGGRESSIVE;
				GCC_WARN_UNUSED_FUNCTION = YES;
				GCC_WARN_UNUSED_VARIABLE = YES;
				IPHONEOS_DEPLOYMENT_TARGET = 17.2;
				LOCALIZATION_PREFERS_STRING_CATALOGS = YES;
				MTL_ENABLE_DEBUG_INFO = INCLUDE_SOURCE;
				MTL_FAST_MATH = YES;
				ONLY_ACTIVE_ARCH = YES;
				SDKROOT = iphoneos;
				SWIFT_ACTIVE_COMPILATION_CONDITIONS = "DEBUG $(inherited)";
				SWIFT_OPTIMIZATION_LEVEL = "-Onone";
			};
			name = Debug;
		};
		AD787A762B9C6373003EBBD0 /* Release */ = {
			isa = XCBuildConfiguration;
			buildSettings = {
				ALWAYS_SEARCH_USER_PATHS = NO;
				ASSETCATALOG_COMPILER_GENERATE_SWIFT_ASSET_SYMBOL_EXTENSIONS = YES;
				CLANG_ANALYZER_NONNULL = YES;
				CLANG_ANALYZER_NUMBER_OBJECT_CONVERSION = YES_AGGRESSIVE;
				CLANG_CXX_LANGUAGE_STANDARD = "gnu++20";
				CLANG_ENABLE_MODULES = YES;
				CLANG_ENABLE_OBJC_ARC = YES;
				CLANG_ENABLE_OBJC_WEAK = YES;
				CLANG_WARN_BLOCK_CAPTURE_AUTORELEASING = YES;
				CLANG_WARN_BOOL_CONVERSION = YES;
				CLANG_WARN_COMMA = YES;
				CLANG_WARN_CONSTANT_CONVERSION = YES;
				CLANG_WARN_DEPRECATED_OBJC_IMPLEMENTATIONS = YES;
				CLANG_WARN_DIRECT_OBJC_ISA_USAGE = YES_ERROR;
				CLANG_WARN_DOCUMENTATION_COMMENTS = YES;
				CLANG_WARN_EMPTY_BODY = YES;
				CLANG_WARN_ENUM_CONVERSION = YES;
				CLANG_WARN_INFINITE_RECURSION = YES;
				CLANG_WARN_INT_CONVERSION = YES;
				CLANG_WARN_NON_LITERAL_NULL_CONVERSION = YES;
				CLANG_WARN_OBJC_IMPLICIT_RETAIN_SELF = YES;
				CLANG_WARN_OBJC_LITERAL_CONVERSION = YES;
				CLANG_WARN_OBJC_ROOT_CLASS = YES_ERROR;
				CLANG_WARN_QUOTED_INCLUDE_IN_FRAMEWORK_HEADER = YES;
				CLANG_WARN_RANGE_LOOP_ANALYSIS = YES;
				CLANG_WARN_STRICT_PROTOTYPES = YES;
				CLANG_WARN_SUSPICIOUS_MOVE = YES;
				CLANG_WARN_UNGUARDED_AVAILABILITY = YES_AGGRESSIVE;
				CLANG_WARN_UNREACHABLE_CODE = YES;
				CLANG_WARN__DUPLICATE_METHOD_MATCH = YES;
				COPY_PHASE_STRIP = NO;
				DEBUG_INFORMATION_FORMAT = "dwarf-with-dsym";
				ENABLE_NS_ASSERTIONS = NO;
				ENABLE_STRICT_OBJC_MSGSEND = YES;
				ENABLE_USER_SCRIPT_SANDBOXING = YES;
				GCC_C_LANGUAGE_STANDARD = gnu17;
				GCC_NO_COMMON_BLOCKS = YES;
				GCC_WARN_64_TO_32_BIT_CONVERSION = YES;
				GCC_WARN_ABOUT_RETURN_TYPE = YES_ERROR;
				GCC_WARN_UNDECLARED_SELECTOR = YES;
				GCC_WARN_UNINITIALIZED_AUTOS = YES_AGGRESSIVE;
				GCC_WARN_UNUSED_FUNCTION = YES;
				GCC_WARN_UNUSED_VARIABLE = YES;
				IPHONEOS_DEPLOYMENT_TARGET = 17.2;
				LOCALIZATION_PREFERS_STRING_CATALOGS = YES;
				MTL_ENABLE_DEBUG_INFO = NO;
				MTL_FAST_MATH = YES;
				SDKROOT = iphoneos;
				SWIFT_COMPILATION_MODE = wholemodule;
				VALIDATE_PRODUCT = YES;
			};
			name = Release;
		};
		AD787A782B9C6373003EBBD0 /* Debug */ = {
			isa = XCBuildConfiguration;
			buildSettings = {
				ASSETCATALOG_COMPILER_APPICON_NAME = AppIcon;
				ASSETCATALOG_COMPILER_GLOBAL_ACCENT_COLOR_NAME = AccentColor;
				CODE_SIGN_STYLE = Automatic;
				CURRENT_PROJECT_VERSION = 1;
				DEVELOPMENT_TEAM = "";
				ENABLE_USER_SCRIPT_SANDBOXING = NO;
				GENERATE_INFOPLIST_FILE = YES;
				INFOPLIST_FILE = LevelKit/Info.plist;
				INFOPLIST_KEY_UIApplicationSupportsIndirectInputEvents = YES;
				INFOPLIST_KEY_UILaunchStoryboardName = LaunchScreen;
				INFOPLIST_KEY_UIMainStoryboardFile = Main;
				INFOPLIST_KEY_UISupportedInterfaceOrientations_iPad = "UIInterfaceOrientationPortrait UIInterfaceOrientationPortraitUpsideDown UIInterfaceOrientationLandscapeLeft UIInterfaceOrientationLandscapeRight";
				INFOPLIST_KEY_UISupportedInterfaceOrientations_iPhone = "UIInterfaceOrientationPortrait UIInterfaceOrientationLandscapeLeft UIInterfaceOrientationLandscapeRight";
				LD_RUNPATH_SEARCH_PATHS = (
					"$(inherited)",
					"@executable_path/Frameworks",
				);
				MARKETING_VERSION = 1.0;
				PRODUCT_BUNDLE_IDENTIFIER = LevelKit.LevelKit;
				PRODUCT_NAME = "$(TARGET_NAME)";
				SWIFT_EMIT_LOC_STRINGS = YES;
				SWIFT_VERSION = 5.0;
				TARGETED_DEVICE_FAMILY = "1,2";
			};
			name = Debug;
		};
		AD787A792B9C6373003EBBD0 /* Release */ = {
			isa = XCBuildConfiguration;
			buildSettings = {
				ASSETCATALOG_COMPILER_APPICON_NAME = AppIcon;
				ASSETCATALOG_COMPILER_GLOBAL_ACCENT_COLOR_NAME = AccentColor;
				CODE_SIGN_STYLE = Automatic;
				CURRENT_PROJECT_VERSION = 1;
				DEVELOPMENT_TEAM = "";
				ENABLE_USER_SCRIPT_SANDBOXING = NO;
				GENERATE_INFOPLIST_FILE = YES;
				INFOPLIST_FILE = LevelKit/Info.plist;
				INFOPLIST_KEY_UIApplicationSupportsIndirectInputEvents = YES;
				INFOPLIST_KEY_UILaunchStoryboardName = LaunchScreen;
				INFOPLIST_KEY_UIMainStoryboardFile = Main;
				INFOPLIST_KEY_UISupportedInterfaceOrientations_iPad = "UIInterfaceOrientationPortrait UIInterfaceOrientationPortraitUpsideDown UIInterfaceOrientationLandscapeLeft UIInterfaceOrientationLandscapeRight";
				INFOPLIST_KEY_UISupportedInterfaceOrientations_iPhone = "UIInterfaceOrientationPortrait UIInterfaceOrientationLandscapeLeft UIInterfaceOrientationLandscapeRight";
				LD_RUNPATH_SEARCH_PATHS = (
					"$(inherited)",
					"@executable_path/Frameworks",
				);
				MARKETING_VERSION = 1.0;
				PRODUCT_BUNDLE_IDENTIFIER = LevelKit.LevelKit;
				PRODUCT_NAME = "$(TARGET_NAME)";
				SWIFT_EMIT_LOC_STRINGS = YES;
				SWIFT_VERSION = 5.0;
				TARGETED_DEVICE_FAMILY = "1,2";
			};
			name = Release;
		};
		AD787A7B2B9C6373003EBBD0 /* Debug */ = {
			isa = XCBuildConfiguration;
			buildSettings = {
				ALWAYS_EMBED_SWIFT_STANDARD_LIBRARIES = YES;
				BUNDLE_LOADER = "$(TEST_HOST)";
				CODE_SIGN_STYLE = Automatic;
				CURRENT_PROJECT_VERSION = 1;
				GENERATE_INFOPLIST_FILE = YES;
				IPHONEOS_DEPLOYMENT_TARGET = 17.2;
				MARKETING_VERSION = 1.0;
				PRODUCT_BUNDLE_IDENTIFIER = LevelKit.LevelKitTests;
				PRODUCT_NAME = "$(TARGET_NAME)";
				SWIFT_EMIT_LOC_STRINGS = NO;
				SWIFT_VERSION = 5.0;
				TARGETED_DEVICE_FAMILY = "1,2";
				TEST_HOST = "$(BUILT_PRODUCTS_DIR)/LevelKit.app/$(BUNDLE_EXECUTABLE_FOLDER_PATH)/LevelKit";
			};
			name = Debug;
		};
		AD787A7C2B9C6373003EBBD0 /* Release */ = {
			isa = XCBuildConfiguration;
			buildSettings = {
				ALWAYS_EMBED_SWIFT_STANDARD_LIBRARIES = YES;
				BUNDLE_LOADER = "$(TEST_HOST)";
				CODE_SIGN_STYLE = Automatic;
				CURRENT_PROJECT_VERSION = 1;
				GENERATE_INFOPLIST_FILE = YES;
				IPHONEOS_DEPLOYMENT_TARGET = 17.2;
				MARKETING_VERSION = 1.0;
				PRODUCT_BUNDLE_IDENTIFIER = LevelKit.LevelKitTests;
				PRODUCT_NAME = "$(TARGET_NAME)";
				SWIFT_EMIT_LOC_STRINGS = NO;
				SWIFT_VERSION = 5.0;
				TARGETED_DEVICE_FAMILY = "1,2";
				TEST_HOST = "$(BUILT_PRODUCTS_DIR)/LevelKit.app/$(BUNDLE_EXECUTABLE_FOLDER_PATH)/LevelKit";
			};
			name = Release;
		};
		AD787A7E2B9C6373003EBBD0 /* Debug */ = {
			isa = XCBuildConfiguration;
			buildSettings = {
				ALWAYS_EMBED_SWIFT_STANDARD_LIBRARIES = YES;
				CODE_SIGN_STYLE = Automatic;
				CURRENT_PROJECT_VERSION = 1;
				GENERATE_INFOPLIST_FILE = YES;
				MARKETING_VERSION = 1.0;
				PRODUCT_BUNDLE_IDENTIFIER = LevelKit.LevelKitUITests;
				PRODUCT_NAME = "$(TARGET_NAME)";
				SWIFT_EMIT_LOC_STRINGS = NO;
				SWIFT_VERSION = 5.0;
				TARGETED_DEVICE_FAMILY = "1,2";
				TEST_TARGET_NAME = LevelKit;
			};
			name = Debug;
		};
		AD787A7F2B9C6373003EBBD0 /* Release */ = {
			isa = XCBuildConfiguration;
			buildSettings = {
				ALWAYS_EMBED_SWIFT_STANDARD_LIBRARIES = YES;
				CODE_SIGN_STYLE = Automatic;
				CURRENT_PROJECT_VERSION = 1;
				GENERATE_INFOPLIST_FILE = YES;
				MARKETING_VERSION = 1.0;
				PRODUCT_BUNDLE_IDENTIFIER = LevelKit.LevelKitUITests;
				PRODUCT_NAME = "$(TARGET_NAME)";
				SWIFT_EMIT_LOC_STRINGS = NO;
				SWIFT_VERSION = 5.0;
				TARGETED_DEVICE_FAMILY = "1,2";
				TEST_TARGET_NAME = LevelKit;
			};
			name = Release;
		};
/* End XCBuildConfiguration section */

/* Begin XCConfigurationList section */
		AD787A482B9C636F003EBBD0 /* Build configuration list for PBXProject "LevelKit" */ = {
			isa = XCConfigurationList;
			buildConfigurations = (
				AD787A752B9C6373003EBBD0 /* Debug */,
				AD787A762B9C6373003EBBD0 /* Release */,
			);
			defaultConfigurationIsVisible = 0;
			defaultConfigurationName = Release;
		};
		AD787A772B9C6373003EBBD0 /* Build configuration list for PBXNativeTarget "LevelKit" */ = {
			isa = XCConfigurationList;
			buildConfigurations = (
				AD787A782B9C6373003EBBD0 /* Debug */,
				AD787A792B9C6373003EBBD0 /* Release */,
			);
			defaultConfigurationIsVisible = 0;
			defaultConfigurationName = Release;
		};
		AD787A7A2B9C6373003EBBD0 /* Build configuration list for PBXNativeTarget "LevelKitTests" */ = {
			isa = XCConfigurationList;
			buildConfigurations = (
				AD787A7B2B9C6373003EBBD0 /* Debug */,
				AD787A7C2B9C6373003EBBD0 /* Release */,
			);
			defaultConfigurationIsVisible = 0;
			defaultConfigurationName = Release;
		};
		AD787A7D2B9C6373003EBBD0 /* Build configuration list for PBXNativeTarget "LevelKitUITests" */ = {
			isa = XCConfigurationList;
			buildConfigurations = (
				AD787A7E2B9C6373003EBBD0 /* Debug */,
				AD787A7F2B9C6373003EBBD0 /* Release */,
			);
			defaultConfigurationIsVisible = 0;
			defaultConfigurationName = Release;
		};
/* End XCConfigurationList section */
	};
	rootObject = AD787A452B9C636F003EBBD0 /* Project object */;
}
