{
  "originHash" : "5b4ee4b3c55bec1dd1630d4cab7f72225b9ac100b34f7f97bad2539bbfd1db4e",
  "pins" : [
    {
      "identity" : "p2psharekit",
      "kind" : "remoteSourceControl",
      "location" : "https://github.com/dobster/P2PShareKit/",
      "state" : {
        "revision" : "e383b109e24044ce0735e2251047c662ab68b9b4",
        "version" : "0.2.0"
      }
    }
  ],
  "version" : 3
}
